
Microsoft Visual Studio Solution File, Format Version 12.00
# Visual Studio Version 16
VisualStudioVersion = 16.0.31105.61
MinimumVisualStudioVersion = 10.0.40219.1
Project("{9A19103F-16F7-4668-BE54-9A1E7A4F7556}") = "PhoneService", "PhoneService\PhoneService.csproj", "{97638AE8-9D44-47EB-8944-C16E80F9B07D}"
EndProject
Project("{FAE04EC0-301F-11D3-BF4B-00C04F79EFBC}") = "PhoneService.Models", "PhoneService.Models\PhoneService.Models.csproj", "{8ECAAAF8-68E3-47A6-B3A6-37167484366F}"
EndProject
Project("{FAE04EC0-301F-11D3-BF4B-00C04F79EFBC}") = "PhoneService.DataAccess", "PhoneService.DataAccess\PhoneService.DataAccess.csproj", "{BF2A007D-13DE-43E2-ACBE-83961450530C}"
EndProject
Global
	GlobalSection(SolutionConfigurationPlatforms) = preSolution
		Debug|Any CPU = Debug|Any CPU
		Release|Any CPU = Release|Any CPU
	EndGlobalSection
	GlobalSection(ProjectConfigurationPlatforms) = postSolution
		{97638AE8-9D44-47EB-8944-C16E80F9B07D}.Debug|Any CPU.ActiveCfg = Debug|Any CPU
		{97638AE8-9D44-47EB-8944-C16E80F9B07D}.Debug|Any CPU.Build.0 = Debug|Any CPU
		{97638AE8-9D44-47EB-8944-C16E80F9B07D}.Release|Any CPU.ActiveCfg = Release|Any CPU
		{97638AE8-9D44-47EB-8944-C16E80F9B07D}.Release|Any CPU.Build.0 = Release|Any CPU
		{8ECAAAF8-68E3-47A6-B3A6-37167484366F}.Debug|Any CPU.ActiveCfg = Debug|Any CPU
		{8ECAAAF8-68E3-47A6-B3A6-37167484366F}.Debug|Any CPU.Build.0 = Debug|Any CPU
		{8ECAAAF8-68E3-47A6-B3A6-37167484366F}.Release|Any CPU.ActiveCfg = Release|Any CPU
		{8ECAAAF8-68E3-47A6-B3A6-37167484366F}.Release|Any CPU.Build.0 = Release|Any CPU
		{BF2A007D-13DE-43E2-ACBE-83961450530C}.Debug|Any CPU.ActiveCfg = Debug|Any CPU
		{BF2A007D-13DE-43E2-ACBE-83961450530C}.Debug|Any CPU.Build.0 = Debug|Any CPU
		{BF2A007D-13DE-43E2-ACBE-83961450530C}.Release|Any CPU.ActiveCfg = Release|Any CPU
		{BF2A007D-13DE-43E2-ACBE-83961450530C}.Release|Any CPU.Build.0 = Release|Any CPU
	EndGlobalSection
	GlobalSection(SolutionProperties) = preSolution
		HideSolutionNode = FALSE
	EndGlobalSection
	GlobalSection(ExtensibilityGlobals) = postSolution
		SolutionGuid = {D415D80B-9258-49F2-AAA1-3D7886A922E1}
	EndGlobalSection
EndGlobal
